
Microsoft Visual Studio Solution File, Format Version 12.00
# Visual Studio Version 17
VisualStudioVersion = 17.14.36518.9 d17.14
MinimumVisualStudioVersion = 10.0.40219.1
Project("{FAE04EC0-301F-11D3-BF4B-00C04F79EFBC}") = "LAB02_24520262", "LAB02_24520262\LAB02_24520262.csproj", "{D8211164-5FAD-44AB-8B9A-0795EBF6D67D}"
EndProject
Global
	GlobalSection(SolutionConfigurationPlatforms) = preSolution
		Debug|Any CPU = Debug|Any CPU
		Release|Any CPU = Release|Any CPU
	EndGlobalSection
	GlobalSection(ProjectConfigurationPlatforms) = postSolution
		{D8211164-5FAD-44AB-8B9A-0795EBF6D67D}.Debug|Any CPU.ActiveCfg = Debug|Any CPU
		{D8211164-5FAD-44AB-8B9A-0795EBF6D67D}.Debug|Any CPU.Build.0 = Debug|Any CPU
		{D8211164-5FAD-44AB-8B9A-0795EBF6D67D}.Release|Any CPU.ActiveCfg = Release|Any CPU
		{D8211164-5FAD-44AB-8B9A-0795EBF6D67D}.Release|Any CPU.Build.0 = Release|Any CPU
	EndGlobalSection
	GlobalSection(SolutionProperties) = preSolution
		HideSolutionNode = FALSE
	EndGlobalSection
	GlobalSection(ExtensibilityGlobals) = postSolution
		SolutionGuid = {80483CB4-C2BD-4BE3-ABD0-90987E117667}
	EndGlobalSection
EndGlobal
